{
  "name": "ig-automations",
  "version": "0.1.0",
  "lockfileVersion": 3,
  "requires": true,
  "packages": {
    "": {
      "name": "ig-automations",
      "version": "0.1.0",
      "hasInstallScript": true,
      "dependencies": {
        "@clerk/nextjs": "^6.8.0",
        "@hookform/resolvers": "^3.9.1",
        "@prisma/client": "^6.1.0",
        "@radix-ui/react-accordion": "^1.2.1",
        "@radix-ui/react-alert-dialog": "^1.1.2",
        "@radix-ui/react-aspect-ratio": "^1.1.0",
        "@radix-ui/react-avatar": "^1.1.1",
        "@radix-ui/react-checkbox": "^1.1.2",
        "@radix-ui/react-collapsible": "^1.1.1",
        "@radix-ui/react-context-menu": "^2.2.2",
        "@radix-ui/react-dialog": "^1.1.2",
        "@radix-ui/react-dropdown-menu": "^2.1.2",
        "@radix-ui/react-hover-card": "^1.1.2",
        "@radix-ui/react-label": "^2.1.0",
        "@radix-ui/react-menubar": "^1.1.2",
        "@radix-ui/react-navigation-menu": "^1.2.1",
        "@radix-ui/react-popover": "^1.1.2",
        "@radix-ui/react-progress": "^1.1.0",
        "@radix-ui/react-radio-group": "^1.2.1",
        "@radix-ui/react-scroll-area": "^1.2.1",
        "@radix-ui/react-select": "^2.1.2",
        "@radix-ui/react-separator": "^1.1.0",
        "@radix-ui/react-slider": "^1.2.1",
        "@radix-ui/react-slot": "^1.1.0",
        "@radix-ui/react-switch": "^1.1.1",
        "@radix-ui/react-tabs": "^1.1.1",
        "@radix-ui/react-toast": "^1.2.2",
        "@radix-ui/react-toggle": "^1.1.0",
        "@radix-ui/react-toggle-group": "^1.1.0",
        "@radix-ui/react-tooltip": "^1.1.4",
        "@react-email/render": "^2.1.0",
        "@reduxjs/toolkit": "^2.5.0",
        "@tanstack/react-query": "^5.62.7",
        "@vercel/analytics": "^2.0.1",
        "@vercel/functions": "^3.9.5",
        "@vercel/speed-insights": "^2.0.0",
        "axios": "^1.7.9",
        "class-variance-authority": "^0.7.1",
        "clsx": "^2.1.1",
        "cmdk": "1.0.0",
        "date-fns": "^3.0.0",
        "embla-carousel-react": "^8.5.1",
        "framer-motion": "^12.38.0",
        "input-otp": "^1.4.1",
        "lucide-react": "^0.468.0",
        "next": "14.2.7",
        "next-themes": "^0.4.4",
        "openai": "^4.77.0",
        "react": "^18",
        "react-day-picker": "^9.5.0",
        "react-dom": "^18",
        "react-hook-form": "^7.54.0",
        "react-redux": "^9.2.0",
        "react-resizable-panels": "^2.1.7",
        "recharts": "^2.15.0",
        "resend": "^6.27.0",
        "sonner": "^1.7.0",
        "stripe": "^17.5.0",
        "tailwind-merge": "^2.5.5",
        "tailwindcss-animate": "^1.0.7",
        "uuid": "^11.0.3",
        "vaul": "^1.1.1",
        "zod": "^3.23.8"
      },
      "devDependencies": {
        "@types/node": "^20",
        "@types/react": "^18",
        "@types/react-dom": "^18",
        "@vitest/coverage-v8": "^4.1.6",
        "eslint": "^8",
        "eslint-config-next": "14.2.7",
        "postcss": "^8",
        "prisma": "^6.1.0",
        "tailwindcss": "^3.4.1",
        "tsx": "4.23.0",
        "typescript": "^5",
        "vitest": "^4.1.6"
      }
    },
    "node_modules/@alloc/quick-lru": {
      "version": "5.2.0",
      "resolved": "https://registry.npmjs.org/@alloc/quick-lru/-/quick-lru-5.2.0.tgz",
      "integrity": "sha512-UrcABB+4bUrFABwbluTIBErXwvbsU/V7TZWfmbgJfbkwiBuziS9gxdODUyuiecfdGQ85jglMW6juS3+z5TsKLw==",
      "license": "MIT",
      "engines": {
        "node": ">=10"
      },
      "funding": {
        "url": "https://github.com/sponsors/sindresorhus"
      }
    },
    "node_modules/@babel/helper-string-parser": {
      "version": "7.27.1",
      "resolved": "https://registry.npmjs.org/@babel/helper-string-parser/-/helper-string-parser-7.27.1.tgz",
      "integrity": "sha512-qMlSxKbpRlAridDExk92nSobyDdpPijUq2DW6oDnUqd0iOGxmQjyqhMIihI9+zv4LPyZdRje2cavWPbCbWm3eA==",
      "dev": true,
      "license": "MIT",
      "engines": {
        "node": ">=6.9.0"
      }
    },
    "node_modules/@babel/helper-validator-identifier": {
      "version": "7.28.5",
      "resolved": "https://registry.npmjs.org/@babel/helper-validator-identifier/-/helper-validator-identifier-7.28.5.tgz",
      "integrity": "sha512-qSs4ifwzKJSV39ucNjsvc6WVHs6b7S03sOh2OcHF9UHfVPqWWALUsNUVzhSBiItjRZoLHx7nIarVjqKVusUZ1Q==",
      "dev": true,
      "license": "MIT",
      "engines": {
        "node": ">=6.9.0"
      }
    },
    "node_modules/@babel/parser": {
      "version": "7.29.3",
      "resolved": "https://registry.npmjs.org/@babel/parser/-/parser-7.29.3.tgz",
      "integrity": "sha512-b3ctpQwp+PROvU/cttc4OYl4MzfJUWy6FZg+PMXfzmt/+39iHVF0sDfqay8TQM3JA2EUOyKcFZt75jWriQijsA==",
      "dev": true,
      "license": "MIT",
      "dependencies": {
        "@babel/types": "^7.29.0"
      },
      "bin": {
        "parser": "bin/babel-parser.js"
      },
      "engines": {
        "node": ">=6.0.0"
      }
    },
    "node_modules/@babel/runtime": {
      "version": "7.26.0",
      "resolved": "https://registry.npmjs.org/@babel/runtime/-/runtime-7.26.0.tgz",
      "integrity": "sha512-FDSOghenHTiToteC/QRlv2q3DhPZ/oOXTBoirfWNx1Cx3TMVcGWQtMMmQcSvb/JjpNeGzx8Pq/b4fKEJuWm1sw==",
      "license": "MIT",
      "dependencies": {
        "regenerator-runtime": "^0.14.0"
      },
      "engines": {
        "node": ">=6.9.0"
      }
    },
    "node_modules/@babel/types": {
      "version": "7.29.0",
      "resolved": "https://registry.npmjs.org/@babel/types/-/types-7.29.0.tgz",
      "integrity": "sha512-LwdZHpScM4Qz8Xw2iKSzS+cfglZzJGvofQICy7W7v4caru4EaAmyUuO6BGrbyQ2mYV11W0U8j5mBhd14dd3B0A==",
      "dev": true,
      "license": "MIT",
      "dependencies": {
        "@babel/helper-string-parser": "^7.27.1",
        "@babel/helper-validator-identifier": "^7.28.5"
      },
      "engines": {
        "node": ">=6.9.0"
      }
    },
    "node_modules/@bcoe/v8-coverage": {
      "version": "1.0.2",
      "resolved": "https://registry.npmjs.org/@bcoe/v8-coverage/-/v8-coverage-1.0.2.tgz",
      "integrity": "sha512-6zABk/ECA/QYSCQ1NGiVwwbQerUCZ+TQbp64Q3AgmfNvurHH0j8TtXa1qbShXA6qqkpAj4V5W8pP6mLe1mcMqA==",
      "dev": true,
      "license": "MIT",
      "engines": {
        "node": ">=18"
      }
    },
    "node_modules/@clerk/backend": {
      "version": "1.21.4",
      "resolved": "https://registry.npmjs.org/@clerk/backend/-/backend-1.21.4.tgz",
      "integrity": "sha512-PHJzBJrTxBAvHwscXwUwpippT7nHhphgycVcFb3655Dq6q0nRdKfo5GlkDHscEKxLOdmppB/168nXsVwSWf86w==",
      "license": "MIT",
      "dependencies": {
        "@clerk/shared": "^2.20.4",
        "@clerk/types": "^4.40.0",
        "cookie": "0.7.0",
        "snakecase-keys": "5.4.4",
        "tslib": "2.4.1"
      },
      "engines": {
        "node": ">=18.17.0"
      }
    },
    "node_modules/@clerk/clerk-react": {
      "version": "5.21.0",
      "resolved": "https://registry.npmjs.org/@clerk/clerk-react/-/clerk-react-5.21.0.tgz",
      "integrity": "sha512-WGIYKeXA/cpvWj2NiMsWYJfRq4Npy6bM9ZrcTENXVox9jpk6iGggoX9zFJG9NBx5LDHBV2kgvpRdhnF/cnrJ+w==",
      "license": "MIT",
      "dependencies": {
        "@clerk/shared": "^2.20.4",
        "@clerk/types": "^4.40.0",
        "tslib": "2.4.1"
      },
      "engines": {
        "node": ">=18.17.0"
      },
      "peerDependencies": {
        "react": "^18.0.0 || ^19.0.0 || ^19.0.0-0",
        "react-dom": "^18.0.0 || ^19.0.0 || ^19.0.0-0"
      }
    },
    "node_modules/@clerk/nextjs": {
      "version": "6.9.6",
      "resolved": "https://registry.npmjs.org/@clerk/nextjs/-/nextjs-6.9.6.tgz",
      "integrity": "sha512-wmbQd2UYOnvGtidgEAqD6f2JZjvKMlmZqnT2HbR3GKwiGme3c1wLrkPye5tknaFLJHsA+Zfp7MJtL7mu07yCzw==",
      "license": "MIT",
      "dependencies": {
        "@clerk/backend": "^1.21.4",
        "@clerk/clerk-react": "^5.21.0",
        "@clerk/shared": "^2.20.4",
        "@clerk/types": "^4.40.0",
        "crypto-js": "4.2.0",
        "server-only": "0.0.1",
        "tslib": "2.4.1"
      },
      "engines": {
        "node": ">=18.17.0"
      },
      "peerDependencies": {
        "next": "^13.5.4 || ^14.0.3 || ^15.0.0",
        "react": "^18.0.0 || ^19.0.0 || ^19.0.0-0",
        "react-dom": "^18.0.0 || ^19.0.0 || ^19.0.0-0"
      }
    },
    "node_modules/@clerk/shared": {
      "version": "2.20.4",
      "resolved": "https://registry.npmjs.org/@clerk/shared/-/shared-2.20.4.tgz",
      "integrity": "sha512-1ndGEO+NejIMFkl47DCeSpVv3nmKh9BHD6wt2Sl3X1wv7sj3eWzSVC14Exkag7D8Og2VcN4LXOFLErsCXHS+YQ==",
      "hasInstallScript": true,
      "license": "MIT",
      "dependencies": {
        "@clerk/types": "^4.40.0",
        "dequal": "2.0.3",
        "glob-to-regexp": "0.4.1",
        "js-cookie": "3.0.5",
        "std-env": "^3.7.0",
        "swr": "^2.2.0"
      },
      "engines": {
        "node": ">=18.17.0"
      },
      "peerDependencies": {
        "react": "^18.0.0 || ^19.0.0 || ^19.0.0-0",
        "react-dom": "^18.0.0 || ^19.0.0 || ^19.0.0-0"
      },
      "peerDependenciesMeta": {
        "react": {
          "optional": true
        },
        "react-dom": {
          "optional": true
        }
      }
    },
    "node_modules/@clerk/types": {
      "version": "4.40.0",
      "resolved": "https://registry.npmjs.org/@clerk/types/-/types-4.40.0.tgz",
      "integrity": "sha512-9QdllXYujsjYLbvPg9Kq1rWOemX5FB0r6Ijy8HOxwjKN+TPlxUnGcs+t7IwU+M5gdmZ2KV6aA6d1a2q2FlSoiA==",
      "license": "MIT",
      "dependencies": {
        "csstype": "3.1.1"
      },
      "engines": {
        "node": ">=18.17.0"
      }
    },
    "node_modules/@date-fns/tz": {
      "version": "1.2.0",
      "resolved": "https://registry.npmjs.org/@date-fns/tz/-/tz-1.2.0.tgz",
      "integrity": "sha512-LBrd7MiJZ9McsOgxqWX7AaxrDjcFVjWH/tIKJd7pnR7McaslGYOP1QmmiBXdJH/H/yLCT+rcQ7FaPBUxRGUtrg==",
      "license": "MIT"
    },
    "node_modules/@emnapi/core": {
      "version": "1.10.0",
      "resolved": "https://registry.npmjs.org/@emnapi/core/-/core-1.10.0.tgz",
      "integrity": "sha512-yq6OkJ4p82CAfPl0u9mQebQHKPJkY7WrIuk205cTYnYe+k2Z8YBh11FrbRG/H6ihirqcacOgl2BIO8oyMQLeXw==",
      "dev": true,
      "license": "MIT",
      "optional": true,
      "dependencies": {
        "@emnapi/wasi-threads": "1.2.1",
        "tslib": "^2.4.0"
      }
    },
    "node_modules/@emnapi/runtime": {
      "version": "1.10.0",
      "resolved": "https://registry.npmjs.org/@emnapi/runtime/-/runtime-1.10.0.tgz",
      "integrity": "sha512-ewvYlk86xUoGI0zQRNq/mC+16R1QeDlKQy21Ki3oSYXNgLb45GV1P6A0M+/s6nyCuNDqe5VpaY84BzXGwVbwFA==",
      "dev": true,
      "license": "MIT",
      "optional": true,
      "dependencies": {
        "tslib": "^2.4.0"
      }
    },
    "node_modules/@emnapi/wasi-threads": {
      "version": "1.2.1",
      "resolved": "https://registry.npmjs.org/@emnapi/wasi-threads/-/wasi-threads-1.2.1.tgz",
      "integrity": "sha512-uTII7OYF+/Mes/MrcIOYp5yOtSMLBWSIoLPpcgwipoiKbli6k322tcoFsxoIIxPDqW01SQGAgko4EzZi2BNv2w==",
      "dev": true,
      "license": "MIT",
      "optional": true,
      "dependencies": {
        "tslib": "^2.4.0"
      }
    },
    "node_modules/@esbuild/aix-ppc64": {
      "version": "0.28.1",
      "resolved": "https://registry.npmjs.org/@esbuild/aix-ppc64/-/aix-ppc64-0.28.1.tgz",
      "integrity": "sha512-Svl7tq8k/08+p6CXPpRjQ1fKX+1odH/BQbb48fV6fj3CWHhsoIOoY87w1oHXm0qEpkIK3ZfVgp0hed3XBXzXMQ==",
      "cpu": [
        "ppc64"
      ],
      "dev": true,
      "license": "MIT",
      "optional": true,
      "os": [
        "aix"
      ],
      "engines": {
        "node": ">=18"
      }
    },
    "node_modules/@esbuild/android-arm": {
      "version": "0.28.1",
      "resolved": "https://registry.npmjs.org/@esbuild/android-arm/-/android-arm-0.28.1.tgz",
      "integrity": "sha512-0k2F129Xdio1TdJfzJ8sy1Q47vUD2NnwdhiAf7drUN1EBTfPf4hsFCtmMgu/6m8JSzsBrlmVjudMBQqOfG8usQ==",
      "cpu": [
        "arm"
      ],
      "dev": true,
      "license": "MIT",
      "optional": true,
      "os": [
        "android"
      ],
      "engines": {
        "node": ">=18"
      }
    },
    "node_modules/@esbuild/android-arm64": {
      "version": "0.28.1",
      "resolved": "https://registry.npmjs.org/@esbuild/android-arm64/-/android-arm64-0.28.1.tgz",
      "integrity": "sha512-34EGEbCIAgosYz6goLcopX6Mo7NyGv9tfwEM2/7Ce2VcVRk568iSvniGWcUXIy7wEDR1wzolcxcriFVrWYcwBg==",
      "cpu": [
        "arm64"
      ],
      "dev": true,
      "license": "MIT",
      "optional": true,
      "os": [
        "android"
      ],
      "engines": {
        "node": ">=18"
      }
    },
    "node_modules/@esbuild/android-x64": {
      "version": "0.28.1",
      "resolved": "https://registry.npmjs.org/@esbuild/android-x64/-/android-x64-0.28.1.tgz",
      "integrity": "sha512-dbwY7ltSMDWsRatcRpCnES4F+im88OCUgGZjy52shC7GqHRE/cYlxNbB4Z4UpJswpcc4Qxd2oE/ufM0p61IKng==",
      "cpu": [
        "x64"
      ],
      "dev": true,
      "license": "MIT",
      "optional": true,
      "os": [
        "android"
      ],
      "engines": {
        "node": ">=18"
      }
    },
    "node_modules/@esbuild/darwin-arm64": {
      "version": "0.28.1",
      "resolved": "https://registry.npmjs.org/@esbuild/darwin-arm64/-/darwin-arm64-0.28.1.tgz",
      "integrity": "sha512-TZbWkQY7kvTAXbXUT7uVACR5cMHsDiSz9z7ZKAX/RTq/WJEk3QyRr0wZpNhBDX+/0CtdqUIJlOiodQcta6tY3Q==",
      "cpu": [
        "arm64"
      ],
      "dev": true,
      "license": "MIT",
      "optional": true,
      "os": [
        "darwin"
      ],
      "engines": {
        "node": ">=18"
      }
    },
    "node_modules/@esbuild/darwin-x64": {
      "version": "0.28.1",
      "resolved": "https://registry.npmjs.org/@esbuild/darwin-x64/-/darwin-x64-0.28.1.tgz",
      "integrity": "sha512-zfdzgK9ACBNZLI/CyHTOx81SyNbM6YXn7rxSgX97VjyiPl9W1i4Ka4fgKECEoFCKGpvBj5qArWIGgQjOwkgskQ==",
      "cpu": [
        "x64"
      ],
      "dev": true,
      "license": "MIT",
      "optional": true,
      "os": [
        "darwin"
      ],
      "engines": {
        "node": ">=18"
      }
    },
    "node_modules/@esbuild/freebsd-arm64": {
      "version": "0.28.1",
      "resolved": "https://registry.npmjs.org/@esbuild/freebsd-arm64/-/freebsd-arm64-0.28.1.tgz",
      "integrity": "sha512-wG2EA8ENdEI0qhkSZMjfqrdY+ziCYCPMmtZjjIwOmXFjmyzEHn+UUxk5of+SYsjtfs3VpnlC7QLzSI5hY/rOAw==",
      "cpu": [
        "arm64"
      ],
      "dev": true,
      "license": "MIT",
      "optional": true,
      "os": [
        "freebsd"
      ],
      "engines": {
        "node": ">=18"
      }
    },
    "node_modules/@esbuild/freebsd-x64": {
      "version": "0.28.1",
      "resolved": "https://registry.npmjs.org/@esbuild/freebsd-x64/-/freebsd-x64-0.28.1.tgz",
      "integrity": "sha512-i7dZ9vQgnvSCzi/rYCXNgtF/U+eKZNJBzu3eTQbRgHnM7tNSizLOkRFAl3qzVc/Op/u5YkHHa4pf/3DOYHthLQ==",
      "cpu": [
        "x64"
      ],
      "dev": true,
      "license": "MIT",
      "optional": true,
      "os": [
        "freebsd"
      ],
      "engines": {
        "node": ">=18"
      }
    },
    "node_modules/@esbuild/linux-arm": {
      "version": "0.28.1",
      "resolved": "https://registry.npmjs.org/@esbuild/linux-arm/-/linux-arm-0.28.1.tgz",
      "integrity": "sha512-qVXBOHQS+d5Y722GwJzJUtOLlX7km3CraOaGormF1pDtPd2C/l1SHRPgjLunLGe51Sh5YYWKMFDyV4SxgMQYTQ==",
      "cpu": [
        "arm"
      ],
      "dev": true,
      "license": "MIT",
      "optional": true,
      "os": [
        "linux"
      ],
      "engines": {
        "node": ">=18"
      }
    },
    "node_modules/@esbuild/linux-arm64": {
      "version": "0.28.1",
      "resolved": "https://registry.npmjs.org/@esbuild/linux-arm64/-/linux-arm64-0.28.1.tgz",
      "integrity": "sha512-yHs+0uc8+nvEAfAfxrWQKK5peSNzBc4PegcMO0EJ2hT71uA7vB8Ihg2e77R2P7SG5uYjPbHlLLmve4LLLRCf0g==",
      "cpu": [
        "arm64"
      ],
      "dev": true,
      "license": "MIT",
      "optional": true,
      "os": [
        "linux"
      ],
      "engines": {
        "node": ">=18"
      }
    },
    "node_modules/@esbuild/linux-ia32": {
      "version": "0.28.1",
      "resolved": "https://registry.npmjs.org/@esbuild/linux-ia32/-/linux-ia32-0.28.1.tgz",
      "integrity": "sha512-d1z4ZuP0ajrfz/FhGT4vv278rX8KnPPJx8i5+AtK7TYbx9Le9F1hyzurZpkEyjkGa9dUGhQow4C1NmeGvqxN2w==",
      "cpu": [
        "ia32"
      ],
      "dev": true,
      "license": "MIT",
      "optional": true,
      "os": [
        "linux"
      ],
      "engines": {
        "node": ">=18"
      }
    },
    "node_modules/@esbuild/linu